
Microsoft Visual Studio Solution File, Format Version 12.00
# Visual Studio Version 17
VisualStudioVersion = 17.0.31912.275
MinimumVisualStudioVersion = 10.0.40219.1
Project("{FAE04EC0-301F-11D3-BF4B-00C04F79EFBC}") = "StringManipulation", "StringManipulation\StringManipulation.csproj", "{A0916896-62F3-4ACC-8B13-CCB6C6B06C1B}"
EndProject
Project("{FAE04EC0-301F-11D3-BF4B-00C04F79EFBC}") = "UnitTests", "UnitTests\UnitTests.csproj", "{CFD921FE-76AB-4DDA-9B5A-9D0349E64496}"
EndProject
Global
	GlobalSection(SolutionConfigurationPlatforms) = preSolution
		Debug|Any CPU = Debug|Any CPU
		Release|Any CPU = Release|Any CPU
	EndGlobalSection
	GlobalSection(ProjectConfigurationPlatforms) = postSolution
		{A0916896-62F3-4ACC-8B13-CCB6C6B06C1B}.Debug|Any CPU.ActiveCfg = Debug|Any CPU
		{A0916896-62F3-4ACC-8B13-CCB6C6B06C1B}.Debug|Any CPU.Build.0 = Debug|Any CPU
		{A0916896-62F3-4ACC-8B13-CCB6C6B06C1B}.Release|Any CPU.ActiveCfg = Release|Any CPU
		{A0916896-62F3-4ACC-8B13-CCB6C6B06C1B}.Release|Any CPU.Build.0 = Release|Any CPU
		{CFD921FE-76AB-4DDA-9B5A-9D0349E64496}.Debug|Any CPU.ActiveCfg = Debug|Any CPU
		{CFD921FE-76AB-4DDA-9B5A-9D0349E64496}.Debug|Any CPU.Build.0 = Debug|Any CPU
		{CFD921FE-76AB-4DDA-9B5A-9D0349E64496}.Release|Any CPU.ActiveCfg = Release|Any CPU
		{CFD921FE-76AB-4DDA-9B5A-9D0349E64496}.Release|Any CPU.Build.0 = Release|Any CPU
	EndGlobalSection
	GlobalSection(SolutionProperties) = preSolution
		HideSolutionNode = FALSE
	EndGlobalSection
	GlobalSection(ExtensibilityGlobals) = postSolution
		SolutionGuid = {978F647C-A0F7-4D2C-909C-494DEAE0A8DF}
	EndGlobalSection
EndGlobal
